
Microsoft Visual Studio Solution File, Format Version 12.00
# Visual Studio Version 17
VisualStudioVersion = 17.8.34511.84
MinimumVisualStudioVersion = 10.0.40219.1
Project("{888888A0-9F3D-457C-B088-3A5042F75D52}") = "PG_Management", "PG_Management.pyproj", "{5F050998-8886-4469-9B34-DB3AD68FF74C}"
EndProject
Global
	GlobalSection(SolutionConfigurationPlatforms) = preSolution
		Debug|Any CPU = Debug|Any CPU
		Release|Any CPU = Release|Any CPU
	EndGlobalSection
	GlobalSection(ProjectConfigurationPlatforms) = postSolution
		{5F050998-8886-4469-9B34-DB3AD68FF74C}.Debug|Any CPU.ActiveCfg = Debug|Any CPU
		{5F050998-8886-4469-9B34-DB3AD68FF74C}.Debug|Any CPU.Build.0 = Debug|Any CPU
		{5F050998-8886-4469-9B34-DB3AD68FF74C}.Release|Any CPU.ActiveCfg = Release|Any CPU
		{5F050998-8886-4469-9B34-DB3AD68FF74C}.Release|Any CPU.Build.0 = Release|Any CPU
	EndGlobalSection
	GlobalSection(SolutionProperties) = preSolution
		HideSolutionNode = FALSE
	EndGlobalSection
	GlobalSection(ExtensibilityGlobals) = postSolution
		SolutionGuid = {B1BC3E3B-21F2-48A2-91FE-2DAF94BA7887}
	EndGlobalSection
EndGlobal
